
Microsoft Visual Studio Solution File, Format Version 12.00
# Visual Studio Version 16
VisualStudioVersion = 16.0.30406.217
MinimumVisualStudioVersion = 10.0.40219.1
Project("{FAE04EC0-301F-11D3-BF4B-00C04F79EFBC}") = "Design-Pattern-C-Sharp", "Design-Pattern-C-Sharp\Design-Pattern-C-Sharp.csproj", "{9549A448-D712-4504-A82E-C35F5389EC2C}"
EndProject
Global
	GlobalSection(SolutionConfigurationPlatforms) = preSolution
		Debug|Any CPU = Debug|Any CPU
		Release|Any CPU = Release|Any CPU
	EndGlobalSection
	GlobalSection(ProjectConfigurationPlatforms) = postSolution
		{9549A448-D712-4504-A82E-C35F5389EC2C}.Debug|Any CPU.ActiveCfg = Debug|Any CPU
		{9549A448-D712-4504-A82E-C35F5389EC2C}.Debug|Any CPU.Build.0 = Debug|Any CPU
		{9549A448-D712-4504-A82E-C35F5389EC2C}.Release|Any CPU.ActiveCfg = Release|Any CPU
		{9549A448-D712-4504-A82E-C35F5389EC2C}.Release|Any CPU.Build.0 = Release|Any CPU
	EndGlobalSection
	GlobalSection(SolutionProperties) = preSolution
		HideSolutionNode = FALSE
	EndGlobalSection
	GlobalSection(ExtensibilityGlobals) = postSolution
		SolutionGuid = {8C406BDB-E1F1-454A-AD7B-05CC2742F2BA}
	EndGlobalSection
EndGlobal
